# generated by rye
# use `rye lock` or `rye sync` to update this lockfile
#
# last locked with the following flags:
#   pre: false
#   features: []
#   all-features: false
#   with-sources: false
#   generate-hashes: false

-e file:.
aiohttp==3.9.5
    # via discord-py
aiosignal==1.3.1
    # via aiohttp
attrs==23.2.0
    # via aiohttp
cbor2==5.6.4
    # via mechayabashi
certifi==2024.6.2
    # via requests
charset-normalizer==3.3.2
    # via requests
classopt==0.2.1
    # via mechayabashi
click==8.1.7
    # via nltk
discord-py==2.3.2
    # via mechayabashi
frozenlist==1.4.1
    # via aiohttp
    # via aiosignal
idna==3.7
    # via requests
    # via yarl
joblib==1.4.2
    # via nltk
multidict==6.0.5
    # via aiohttp
    # via yarl
mypy==1.8.0
mypy-extensions==1.0.0
    # via mypy
nltk==3.8.1
    # via mechayabashi
python-ulid==2.2.0
    # via mechayabashi
regex==2024.5.15
    # via nltk
requests==2.31.0
    # via mechayabashi
ruff==0.1.15
sudachidict-core==20240109
    # via mechayabashi
sudachipy==0.6.8
    # via mechayabashi
    # via sudachidict-core
tqdm==4.66.4
    # via nltk
typing-extensions==4.12.2
    # via mypy
urllib3==2.2.1
    # via requests
yarl==1.9.4
    # via aiohttp
